
Microsoft Visual Studio Solution File, Format Version 12.00
Project("{FAE04EC0-301F-11D3-BF4B-00C04F79EFBC}") = "algorithms-cs", "algorithms-cs.csproj", "{C310C318-7B2D-4C1C-AC20-23D3FDD31A9E}"
EndProject
Global
	GlobalSection(SolutionConfigurationPlatforms) = preSolution
		Debug|Any CPU = Debug|Any CPU
		Release|Any CPU = Release|Any CPU
	EndGlobalSection
	GlobalSection(ProjectConfigurationPlatforms) = postSolution
		{C310C318-7B2D-4C1C-AC20-23D3FDD31A9E}.Debug|Any CPU.ActiveCfg = Debug|Any CPU
		{C310C318-7B2D-4C1C-AC20-23D3FDD31A9E}.Debug|Any CPU.Build.0 = Debug|Any CPU
		{C310C318-7B2D-4C1C-AC20-23D3FDD31A9E}.Release|Any CPU.ActiveCfg = Release|Any CPU
		{C310C318-7B2D-4C1C-AC20-23D3FDD31A9E}.Release|Any CPU.Build.0 = Release|Any CPU
	EndGlobalSection
EndGlobal
